{
  "version": 4,
  "terraform_version": "0.12.12",
  "serial": 405,
  "lineage": "488959c4-4c94-5935-71ed-7de83420734a",
  "outputs": {},
  "resources": [
    {
      "mode": "managed",
      "type": "azurerm_network_interface",
      "name": "back",
      "provider": "provider.azurerm",
      "instances": []
    },
    {
      "mode": "managed",
      "type": "azurerm_network_interface",
      "name": "data",
      "provider": "provider.azurerm",
      "instances": []
    },
    {
      "mode": "managed",
      "type": "azurerm_network_interface",
      "name": "front",
      "provider": "provider.azurerm",
      "instances": [
        {
          "schema_version": 0,
          "attributes": {
            "applied_dns_servers": [],
            "dns_servers": [],
            "enable_accelerated_networking": false,
            "enable_ip_forwarding": false,
            "id": "/subscriptions/fa87bb51-4bc4-4559-8047-1ba630f94808/resourceGroups/default/providers/Microsoft.Network/networkInterfaces/default-front-nic",
            "internal_dns_name_label": "",
            "internal_fqdn": "",
            "ip_configuration": [
              {
                "application_gateway_backend_address_pools_ids": [],
                "application_security_group_ids": [],
                "load_balancer_backend_address_pools_ids": [],
                "load_balancer_inbound_nat_rules_ids": [],
                "name": "front",
                "primary": true,
                "private_ip_address": "",
                "private_ip_address_allocation": "dynamic",
                "private_ip_address_version": "IPv4",
                "public_ip_address_id": "/subscriptions/fa87bb51-4bc4-4559-8047-1ba630f94808/resourceGroups/default/providers/Microsoft.Network/publicIPAddresses/front-pip",
                "subnet_id": "/subscriptions/fa87bb51-4bc4-4559-8047-1ba630f94808/resourceGroups/default/providers/Microsoft.Network/virtualNetworks/default-network/subnets/front-net"
              }
            ],
            "location": "uksouth",
            "mac_address": "",
            "name": "default-front-nic",
            "network_security_group_id": "/subscriptions/fa87bb51-4bc4-4559-8047-1ba630f94808/resourceGroups/default/providers/Microsoft.Network/networkSecurityGroups/front-door",
            "private_ip_address": "10.10.1.4",
            "private_ip_addresses": [
              "10.10.1.4"
            ],
            "resource_group_name": "default",
            "tags": {},
            "virtual_machine_id": null
          },
          "private": "bnVsbA==",
          "depends_on": [
            "azurerm_network_security_group.front",
            "azurerm_public_ip.front",
            "azurerm_resource_group.default",
            "azurerm_subnet.front"
          ]
        }
      ]
    },
    {
      "mode": "managed",
      "type": "azurerm_network_interface",
      "name": "manage",
      "provider": "provider.azurerm",
      "instances": []
    },
    {
      "mode": "managed",
      "type": "azurerm_network_security_group",
      "name": "front",
      "provider": "provider.azurerm",
      "instances": [
        {
          "schema_version": 0,
          "attributes": {
            "id": "/subscriptions/fa87bb51-4bc4-4559-8047-1ba630f94808/resourceGroups/default/providers/Microsoft.Network/networkSecurityGroups/front-door",
            "location": "uksouth",
            "name": "front-door",
            "resource_group_name": "default",
            "security_rule": [
              {
                "access": "Allow",
                "description": "",
                "destination_address_prefix": "*",
                "destination_address_prefixes": [],
                "destination_application_security_group_ids": [],
                "destination_port_range": "22",
                "destination_port_ranges": [],
                "direction": "Inbound",
                "name": "SSH",
                "priority": 1001,
                "protocol": "Tcp",
                "source_address_prefix": "*",
                "source_address_prefixes": [],
                "source_application_security_group_ids": [],
                "source_port_range": "*",
                "source_port_ranges": []
              },
              {
                "access": "Allow",
                "description": "",
                "destination_address_prefix": "*",
                "destination_address_prefixes": [],
                "destination_application_security_group_ids": [],
                "destination_port_range": "80",
                "destination_port_ranges": [],
                "direction": "Inbound",
                "name": "HTTP",
                "priority": 1002,
                "protocol": "Tcp",
                "source_address_prefix": "*",
                "source_address_prefixes": [],
                "source_application_security_group_ids": [],
                "source_port_range": "*",
                "source_port_ranges": []
              }
            ],
            "tags": {}
          },
          "private": "bnVsbA==",
          "depends_on": [
            "azurerm_resource_group.default"
          ]
        }
      ]
    },
    {
      "mode": "managed",
      "type": "azurerm_public_ip",
      "name": "front",
      "provider": "provider.azurerm",
      "instances": [
        {
          "schema_version": 0,
          "attributes": {
            "allocation_method": "Dynamic",
            "domain_name_label": "front-463361681130006683",
            "fqdn": "front-463361681130006683.uksouth.cloudapp.azure.com",
            "id": "/subscriptions/fa87bb51-4bc4-4559-8047-1ba630f94808/resourceGroups/default/providers/Microsoft.Network/publicIPAddresses/front-pip",
            "idle_timeout_in_minutes": 4,
            "ip_address": "",
            "ip_version": "IPv4",
            "location": "uksouth",
            "name": "front-pip",
            "public_ip_address_allocation": "Dynamic",
            "public_ip_prefix_id": null,
            "resource_group_name": "default",
            "reverse_fqdn": "",
            "sku": "Basic",
            "tags": {},
            "zones": null
          },
          "private": "bnVsbA==",
          "depends_on": [
            "azurerm_resource_group.default"
          ]
        }
      ]
    },
    {
      "mode": "managed",
      "type": "azurerm_public_ip",
      "name": "manage",
      "provider": "provider.azurerm",
      "instances": [
        {
          "schema_version": 0,
          "attributes": {
            "allocation_method": "Dynamic",
            "domain_name_label": "manage-463361681130006683",
            "fqdn": "manage-463361681130006683.uksouth.cloudapp.azure.com",
            "id": "/subscriptions/fa87bb51-4bc4-4559-8047-1ba630f94808/resourceGroups/default/providers/Microsoft.Network/publicIPAddresses/manage-pip",
            "idle_timeout_in_minutes": 4,
            "ip_address": "",
            "ip_version": "IPv4",
            "location": "uksouth",
            "name": "manage-pip",
            "public_ip_address_allocation": "Dynamic",
            "public_ip_prefix_id": null,
            "resource_group_name": "default",
            "reverse_fqdn": "",
            "sku": "Basic",
            "tags": {},
            "zones": null
          },
          "private": "bnVsbA==",
          "depends_on": [
            "azurerm_resource_group.default"
          ]
        }
      ]
    },
    {
      "mode": "managed",
      "type": "azurerm_resource_group",
      "name": "default",
      "provider": "provider.azurerm",
      "instances": [
        {
          "schema_version": 0,
          "attributes": {
            "id": "/subscriptions/fa87bb51-4bc4-4559-8047-1ba630f94808/resourceGroups/default",
            "location": "uksouth",
            "name": "default",
            "tags": {}
          }
        }
      ]
    },
    {
      "mode": "managed",
      "type": "azurerm_subnet",
      "name": "back",
      "provider": "provider.azurerm",
      "instances": [
        {
          "schema_version": 0,
          "attributes": {
            "address_prefix": "10.10.2.0/24",
            "delegation": [],
            "id": "/subscriptions/fa87bb51-4bc4-4559-8047-1ba630f94808/resourceGroups/default/providers/Microsoft.Network/virtualNetworks/default-network/subnets/back-net",
            "ip_configurations": [],
            "name": "back-net",
            "network_security_group_id": "",
            "resource_group_name": "default",
            "route_table_id": "",
            "service_endpoints": null,
            "virtual_network_name": "default-network"
          },
          "private": "bnVsbA==",
          "depends_on": [
            "azurerm_resource_group.default",
            "azurerm_virtual_network.default"
          ]
        }
      ]
    },
    {
      "mode": "managed",
      "type": "azurerm_subnet",
      "name": "data",
      "provider": "provider.azurerm",
      "instances": [
        {
          "schema_version": 0,
          "attributes": {
            "address_prefix": "10.10.4.0/24",
            "delegation": [],
            "id": "/subscriptions/fa87bb51-4bc4-4559-8047-1ba630f94808/resourceGroups/default/providers/Microsoft.Network/virtualNetworks/default-network/subnets/data-net",
            "ip_configurations": [],
            "name": "data-net",
            "network_security_group_id": "",
            "resource_group_name": "default",
            "route_table_id": "",
            "service_endpoints": null,
            "virtual_network_name": "default-network"
          },
          "private": "bnVsbA==",
          "depends_on": [
            "azurerm_resource_group.default",
            "azurerm_virtual_network.default"
          ]
        }
      ]
    },
    {
      "mode": "managed",
      "type": "azurerm_subnet",
      "name": "front",
      "provider": "provider.azurerm",
      "instances": [
        {
          "schema_version": 0,
          "attributes": {
            "address_prefix": "10.10.1.0/24",
            "delegation": [],
            "id": "/subscriptions/fa87bb51-4bc4-4559-8047-1ba630f94808/resourceGroups/default/providers/Microsoft.Network/virtualNetworks/default-network/subnets/front-net",
            "ip_configurations": [],
            "name": "front-net",
            "network_security_group_id": "",
            "resource_group_name": "default",
            "route_table_id": "",
            "service_endpoints": null,
            "virtual_network_name": "default-network"
          },
          "private": "bnVsbA==",
          "depends_on": [
            "azurerm_resource_group.default",
            "azurerm_virtual_network.default"
          ]
        }
      ]
    },
    {
      "mode": "managed",
      "type": "azurerm_subnet",
      "name": "manage",
      "provider": "provider.azurerm",
      "instances": [
        {
          "schema_version": 0,
          "attributes": {
            "address_prefix": "10.10.3.0/24",
            "delegation": [],
            "id": "/subscriptions/fa87bb51-4bc4-4559-8047-1ba630f94808/resourceGroups/default/providers/Microsoft.Network/virtualNetworks/default-network/subnets/manage-net",
            "ip_configurations": [],
            "name": "manage-net",
            "network_security_group_id": "",
            "resource_group_name": "default",
            "route_table_id": "",
            "service_endpoints": null,
            "virtual_network_name": "default-network"
          },
          "private": "bnVsbA==",
          "depends_on": [
            "azurerm_resource_group.default",
            "azurerm_virtual_network.default"
          ]
        }
      ]
    },
    {
      "mode": "managed",
      "type": "azurerm_virtual_machine",
      "name": "back",
      "provider": "provider.azurerm",
      "instances": []
    },
    {
      "mode": "managed",
      "type": "azurerm_virtual_machine",
      "name": "data",
      "provider": "provider.azurerm",
      "instances": []
    },
    {
      "mode": "managed",
      "type": "azurerm_virtual_machine",
      "name": "manage",
      "provider": "provider.azurerm",
      "instances": []
    },
    {
      "mode": "managed",
      "type": "azurerm_virtual_network",
      "name": "default",
      "provider": "provider.azurerm",
      "instances": [
        {
          "schema_version": 0,
          "attributes": {
            "address_space": [
              "10.10.0.0/16"
            ],
            "ddos_protection_plan": [],
            "dns_servers": null,
            "id": "/subscriptions/fa87bb51-4bc4-4559-8047-1ba630f94808/resourceGroups/default/providers/Microsoft.Network/virtualNetworks/default-network",
            "location": "uksouth",
            "name": "default-network",
            "resource_group_name": "default",
            "subnet": [],
            "tags": {}
          },
          "private": "bnVsbA==",
          "depends_on": [
            "azurerm_resource_group.default"
          ]
        }
      ]
    }
  ]
}
